
Microsoft Visual Studio Solution File, Format Version 12.00
# Visual Studio Version 16
VisualStudioVersion = 16.0.30104.148
MinimumVisualStudioVersion = 10.0.40219.1
Project("{9A19103F-16F7-4668-BE54-9A1E7A4F7556}") = "AzureFunctions", "AzureFunctions.csproj", "{116BD7B6-1E9F-4DC6-B5F2-01993F16027D}"
EndProject
Global
	GlobalSection(SolutionConfigurationPlatforms) = preSolution
		Debug|Any CPU = Debug|Any CPU
		Release|Any CPU = Release|Any CPU
	EndGlobalSection
	GlobalSection(ProjectConfigurationPlatforms) = postSolution
		{116BD7B6-1E9F-4DC6-B5F2-01993F16027D}.Debug|Any CPU.ActiveCfg = Debug|Any CPU
		{116BD7B6-1E9F-4DC6-B5F2-01993F16027D}.Debug|Any CPU.Build.0 = Debug|Any CPU
		{116BD7B6-1E9F-4DC6-B5F2-01993F16027D}.Release|Any CPU.ActiveCfg = Release|Any CPU
		{116BD7B6-1E9F-4DC6-B5F2-01993F16027D}.Release|Any CPU.Build.0 = Release|Any CPU
	EndGlobalSection
	GlobalSection(SolutionProperties) = preSolution
		HideSolutionNode = FALSE
	EndGlobalSection
	GlobalSection(ExtensibilityGlobals) = postSolution
		SolutionGuid = {98DE46D4-ECA3-4579-95E9-F624A86A21CF}
	EndGlobalSection
EndGlobal
